// !$*UTF8*$!
{
	archiveVersion = 1;
	classes = {
	};
	objectVersion = 50;
	objects = {

/* Begin PBXBuildFile section */
		478E9FA325EE558A0016887E /* AppDelegate.swift in Sources */ = {isa = PBXBuildFile; fileRef = 478E9FA225EE558A0016887E /* AppDelegate.swift */; };
		478E9FA525EE558A0016887E /* SceneDelegate.swift in Sources */ = {isa = PBXBuildFile; fileRef = 478E9FA425EE558A0016887E /* SceneDelegate.swift */; };
		478E9FA725EE558A0016887E /* ContentView.swift in Sources */ = {isa = PBXBuildFile; fileRef = 478E9FA625EE558A0016887E /* ContentView.swift */; };
		478E9FA925EE558B0016887E /* Assets.xcassets in Resources */ = {isa = PBXBuildFile; fileRef = 478E9FA825EE558B0016887E /* Assets.xcassets */; };
		478E9FAC25EE558B0016887E /* Preview Assets.xcassets in Resources */ = {isa = PBXBuildFile; fileRef = 478E9FAB25EE558B0016887E /* Preview Assets.xcassets */; };
		478E9FAF25EE558B0016887E /* LaunchScreen.storyboard in Resources */ = {isa = PBXBuildFile; fileRef = 478E9FAD25EE558B0016887E /* LaunchScreen.storyboard */; };
		478E9FBD25EE582C0016887E /* Book.swift in Sources */ = {isa = PBXBuildFile; fileRef = 478E9FBC25EE582C0016887E /* Book.swift */; };
		478E9FC025EE59410016887E /* BookVIews.swift in Sources */ = {isa = PBXBuildFile; fileRef = 478E9FBF25EE59400016887E /* BookVIews.swift */; };
/* End PBXBuildFile section */

/* Begin PBXFileReference section */
		478E9F9F25EE558A0016887E /* ReadMe.app */ = {isa = PBXFileReference; explicitFileType = wrapper.application; includeInIndex = 0; path = ReadMe.app; sourceTree = BUILT_PRODUCTS_DIR; };
		478E9FA225EE558A0016887E /* AppDelegate.swift */ = {isa = PBXFileReference; lastKnownFileType = sourcecode.swift; path = AppDelegate.swift; sourceTree = "<group>"; };
		478E9FA425EE558A0016887E /* SceneDelegate.swift */ = {isa = PBXFileReference; lastKnownFileType = sourcecode.swift; path = SceneDelegate.swift; sourceTree = "<group>"; };
		478E9FA625EE558A0016887E /* ContentView.swift */ = {isa = PBXFileReference; lastKnownFileType = sourcecode.swift; path = ContentView.swift; sourceTree = "<group>"; };
		478E9FA825EE558B0016887E /* Assets.xcassets */ = {isa = PBXFileReference; lastKnownFileType = folder.assetcatalog; path = Assets.xcassets; sourceTree = "<group>"; };
		478E9FAB25EE558B0016887E /* Preview Assets.xcassets */ = {isa = PBXFileReference; lastKnownFileType = folder.assetcatalog; path = "Preview Assets.xcassets"; sourceTree = "<group>"; };
		478E9FAE25EE558B0016887E /* Base */ = {isa = PBXFileReference; lastKnownFileType = file.storyboard; name = Base; path = Base.lproj/LaunchScreen.storyboard; sourceTree = "<group>"; };
		478E9FB025EE558B0016887E /* Info.plist */ = {isa = PBXFileReference; lastKnownFileType = text.plist.xml; path = Info.plist; sourceTree = "<group>"; };
		478E9FBC25EE582C0016887E /* Book.swift */ = {isa = PBXFileReference; lastKnownFileType = sourcecode.swift; path = Book.swift; sourceTree = "<group>"; };
		478E9FBF25EE59400016887E /* BookVIews.swift */ = {isa = PBXFileReference; lastKnownFileType = sourcecode.swift; path = BookVIews.swift; sourceTree = "<group>"; };
/* End PBXFileReference section */

/* Begin PBXFrameworksBuildPhase section */
		478E9F9C25EE558A0016887E /* Frameworks */ = {
			isa = PBXFrameworksBuildPhase;
			buildActionMask = 2147483647;
			files = (
			);
			runOnlyForDeploymentPostprocessing = 0;
		};
/* End PBXFrameworksBuildPhase section */

/* Begin PBXGroup section */
		478E9F9625EE558A0016887E = {
			isa = PBXGroup;
			children = (
				478E9FA125EE558A0016887E /* ReadMe */,
				478E9FA025EE558A0016887E /* Products */,
			);
			sourceTree = "<group>";
		};
		478E9FA025EE558A0016887E /* Products */ = {
			isa = PBXGroup;
			children = (
				478E9F9F25EE558A0016887E /* ReadMe.app */,
			);
			name = Products;
			sourceTree = "<group>";
		};
		478E9FA125EE558A0016887E /* ReadMe */ = {
			isa = PBXGroup;
			children = (
				478E9FB725EE57A50016887E /* App */,
				478E9FB825EE57BD0016887E /* Views */,
				478E9FBA25EE57C70016887E /* Models */,
				478E9FAA25EE558B0016887E /* Preview Content */,
			);
			path = ReadMe;
			sourceTree = "<group>";
		};
		478E9FAA25EE558B0016887E /* Preview Content */ = {
			isa = PBXGroup;
			children = (
				478E9FAB25EE558B0016887E /* Preview Assets.xcassets */,
			);
			path = "Preview Content";
			sourceTree = "<group>";
		};
		478E9FB725EE57A50016887E /* App */ = {
			isa = PBXGroup;
			children = (
				478E9FA225EE558A0016887E /* AppDelegate.swift */,
				478E9FA425EE558A0016887E /* SceneDelegate.swift */,
				478E9FA825EE558B0016887E /* Assets.xcassets */,
				478E9FAD25EE558B0016887E /* LaunchScreen.storyboard */,
				478E9FB025EE558B0016887E /* Info.plist */,
			);
			path = App;
			sourceTree = "<group>";
		};
		478E9FB825EE57BD0016887E /* Views */ = {
			isa = PBXGroup;
			children = (
				478E9FA625EE558A0016887E /* ContentView.swift */,
				478E9FBF25EE59400016887E /* BookVIews.swift */,
			);
			path = Views;
			sourceTree = "<group>";
		};
		478E9FBA25EE57C70016887E /* Models */ = {
			isa = PBXGroup;
			children = (
				478E9FBC25EE582C0016887E /* Book.swift */,
			);
			name = Models;
			sourceTree = "<group>";
		};
/* End PBXGroup section */

/* Begin PBXNativeTarget section */
		478E9F9E25EE558A0016887E /* ReadMe */ = {
			isa = PBXNativeTarget;
			buildConfigurationList = 478E9FB325EE558B0016887E /* Build configuration list for PBXNativeTarget "ReadMe" */;
			buildPhases = (
				478E9F9B25EE558A0016887E /* Sources */,
				478E9F9C25EE558A0016887E /* Frameworks */,
				478E9F9D25EE558A0016887E /* Resources */,
			);
			buildRules = (
			);
			dependencies = (
			);
			name = ReadMe;
			productName = ReadMe;
			productReference = 478E9F9F25EE558A0016887E /* ReadMe.app */;
			productType = "com.apple.product-type.application";
		};
/* End PBXNativeTarget section */

/* Begin PBXProject section */
		478E9F9725EE558A0016887E /* Project object */ = {
			isa = PBXProject;
			attributes = {
				LastSwiftUpdateCheck = 1240;
				LastUpgradeCheck = 1240;
				TargetAttributes = {
					478E9F9E25EE558A0016887E = {
						CreatedOnToolsVersion = 12.4;
					};
				};
			};
			buildConfigurationList = 478E9F9A25EE558A0016887E /* Build configuration list for PBXProject "ReadMe" */;
			compatibilityVersion = "Xcode 9.3";
			developmentRegion = en;
			hasScannedForEncodings = 0;
			knownRegions = (
				en,
				Base,
			);
			mainGroup = 478E9F9625EE558A0016887E;
			productRefGroup = 478E9FA025EE558A0016887E /* Products */;
			projectDirPath = "";
			projectRoot = "";
			targets = (
				478E9F9E25EE558A0016887E /* ReadMe */,
			);
		};
/* End PBXProject section */

/* Begin PBXResourcesBuildPhase section */
		478E9F9D25EE558A0016887E /* Resources */ = {
			isa = PBXResourcesBuildPhase;
			buildActionMask = 2147483647;
			files = (
				478E9FAF25EE558B0016887E /* LaunchScreen.storyboard in Resources */,
				478E9FAC25EE558B0016887E /* Preview Assets.xcassets in Resources */,
				478E9FA925EE558B0016887E /* Assets.xcassets in Resources */,
			);
			runOnlyForDeploymentPostprocessing = 0;
		};
/* End PBXResourcesBuildPhase section */

/* Begin PBXSourcesBuildPhase section */
		478E9F9B25EE558A0016887E /* Sources */ = {
			isa = PBXSourcesBuildPhase;
			buildActionMask = 2147483647;
			files = (
				478E9FC025EE59410016887E /* BookVIews.swift in Sources */,
				478E9FBD25EE582C0016887E /* Book.swift in Sources */,
				478E9FA325EE558A0016887E /* AppDelegate.swift in Sources */,
				478E9FA525EE558A0016887E /* SceneDelegate.swift in Sources */,
				478E9FA725EE558A0016887E /* ContentView.swift in Sources */,
			);
			runOnlyForDeploymentPostprocessing = 0;
		};
/* End PBXSourcesBuildPhase section */

/* Begin PBXVariantGroup section */
		478E9FAD25EE558B0016887E /* LaunchScreen.storyboard */ = {
			isa = PBXVariantGroup;
			children = (
				478E9FAE25EE558B0016887E /* Base */,
			);
			name = LaunchScreen.storyboard;
			sourceTree = "<group>";
		};
/* End PBXVariantGroup section */

/* Begin XCBuildConfiguration section */
		478E9FB125EE558B0016887E /* Debug */ = {
			isa = XCBuildConfiguration;
			buildSettings = {
				ALWAYS_SEARCH_USER_PATHS = NO;
				CLANG_ANALYZER_NONNULL = YES;
				CLANG_ANALYZER_NUMBER_OBJECT_CONVERSION = YES_AGGRESSIVE;
				CLANG_CXX_LANGUAGE_STANDARD = "gnu++14";
				CLANG_CXX_LIBRARY = "libc++";
				CLANG_ENABLE_MODULES = YES;
				CLANG_ENABLE_OBJC_ARC = YES;
				CLANG_ENABLE_OBJC_WEAK = YES;
				CLANG_WARN_BLOCK_CAPTURE_AUTORELEASING = YES;
				CLANG_WARN_BOOL_CONVERSION = YES;
				CLANG_WARN_COMMA = YES;
				CLANG_WARN_CONSTANT_CONVERSION = YES;
				CLANG_WARN_DEPRECATED_OBJC_IMPLEMENTATIONS = YES;
				CLANG_WARN_DIRECT_OBJC_ISA_USAGE = YES_ERROR;
				CLANG_WARN_DOCUMENTATION_COMMENTS = YES;
				CLANG_WARN_EMPTY_BODY = YES;
				CLANG_WARN_ENUM_CONVERSION = YES;
				CLANG_WARN_INFINITE_RECURSION = YES;
				CLANG_WARN_INT_CONVERSION = YES;
				CLANG_WARN_NON_LITERAL_NULL_CONVERSION = YES;
				CLANG_WARN_OBJC_IMPLICIT_RETAIN_SELF = YES;
				CLANG_WARN_OBJC_LITERAL_CONVERSION = YES;
				CLANG_WARN_OBJC_ROOT_CLASS = YES_ERROR;
				CLANG_WARN_QUOTED_INCLUDE_IN_FRAMEWORK_HEADER = YES;
				CLANG_WARN_RANGE_LOOP_ANALYSIS = YES;
				CLANG_WARN_STRICT_PROTOTYPES = YES;
				CLANG_WARN_SUSPICIOUS_MOVE = YES;
				CLANG_WARN_UNGUARDED_AVAILABILITY = YES_AGGRESSIVE;
				CLANG_WARN_UNREACHABLE_CODE = YES;
				CLANG_WARN__DUPLICATE_METHOD_MATCH = YES;
				COPY_PHASE_STRIP = NO;
				DEBUG_INFORMATION_FORMAT = dwarf;
				ENABLE_STRICT_OBJC_MSGSEND = YES;
				ENABLE_TESTABILITY = YES;
				GCC_C_LANGUAGE_STANDARD = gnu11;
				GCC_DYNAMIC_NO_PIC = NO;
				GCC_NO_COMMON_BLOCKS = YES;
				GCC_OPTIMIZATION_LEVEL = 0;
				GCC_PREPROCESSOR_DEFINITIONS = (
					"DEBUG=1",
					"$(inherited)",
				);
				GCC_WARN_64_TO_32_BIT_CONVERSION = YES;
				GCC_WARN_ABOUT_RETURN_TYPE = YES_ERROR;
				GCC_WARN_UNDECLARED_SELECTOR = YES;
				GCC_WARN_UNINITIALIZED_AUTOS = YES_AGGRESSIVE;
				GCC_WARN_UNUSED_FUNCTION = YES;
				GCC_WARN_UNUSED_VARIABLE = YES;
				IPHONEOS_DEPLOYMENT_TARGET = 14.4;
				MTL_ENABLE_DEBUG_INFO = INCLUDE_SOURCE;
				MTL_FAST_MATH = YES;
				ONLY_ACTIVE_ARCH = YES;
				SDKROOT = iphoneos;
				SWIFT_ACTIVE_COMPILATION_CONDITIONS = DEBUG;
				SWIFT_OPTIMIZATION_LEVEL = "-Onone";
			};
			name = Debug;
		};
		478E9FB225EE558B0016887E /* Release */ = {
			isa = XCBuildConfiguration;
			buildSettings = {
				ALWAYS_SEARCH_USER_PATHS = NO;
				CLANG_ANALYZER_NONNULL = YES;
				CLANG_ANALYZER_NUMBER_OBJECT_CONVERSION = YES_AGGRESSIVE;
				CLANG_CXX_LANGUAGE_STANDARD = "gnu++14";
				CLANG_CXX_LIBRARY = "libc++";
				CLANG_ENABLE_MODULES = YES;
				CLANG_ENABLE_OBJC_ARC = YES;
				CLANG_ENABLE_OBJC_WEAK = YES;
				CLANG_WARN_BLOCK_CAPTURE_AUTORELEASING = YES;
				CLANG_WARN_BOOL_CONVERSION = YES;
				CLANG_WARN_COMMA = YES;
				CLANG_WARN_CONSTANT_CONVERSION = YES;
				CLANG_WARN_DEPRECATED_OBJC_IMPLEMENTATIONS = YES;
				CLANG_WARN_DIRECT_OBJC_ISA_USAGE = YES_ERROR;
				CLANG_WARN_DOCUMENTATION_COMMENTS = YES;
				CLANG_WARN_EMPTY_BODY = YES;
				CLANG_WARN_ENUM_CONVERSION = YES;
				CLANG_WARN_INFINITE_RECURSION = YES;
				CLANG_WARN_INT_CONVERSION = YES;
				CLANG_WARN_NON_LITERAL_NULL_CONVERSION = YES;
				CLANG_WARN_OBJC_IMPLICIT_RETAIN_SELF = YES;
				CLANG_WARN_OBJC_LITERAL_CONVERSION = YES;
				CLANG_WARN_OBJC_ROOT_CLASS = YES_ERROR;
				CLANG_WARN_QUOTED_INCLUDE_IN_FRAMEWORK_HEADER = YES;
				CLANG_WARN_RANGE_LOOP_ANALYSIS = YES;
				CLANG_WARN_STRICT_PROTOTYPES = YES;
				CLANG_WARN_SUSPICIOUS_MOVE = YES;
				CLANG_WARN_UNGUARDED_AVAILABILITY = YES_AGGRESSIVE;
				CLANG_WARN_UNREACHABLE_CODE = YES;
				CLANG_WARN__DUPLICATE_METHOD_MATCH = YES;
				COPY_PHASE_STRIP = NO;
				DEBUG_INFORMATION_FORMAT = "dwarf-with-dsym";
				ENABLE_NS_ASSERTIONS = NO;
				ENABLE_STRICT_OBJC_MSGSEND = YES;
				GCC_C_LANGUAGE_STANDARD = gnu11;
				GCC_NO_COMMON_BLOCKS = YES;
				GCC_WARN_64_TO_32_BIT_CONVERSION = YES;
				GCC_WARN_ABOUT_RETURN_TYPE = YES_ERROR;
				GCC_WARN_UNDECLARED_SELECTOR = YES;
				GCC_WARN_UNINITIALIZED_AUTOS = YES_AGGRESSIVE;
				GCC_WARN_UNUSED_FUNCTION = YES;
				GCC_WARN_UNUSED_VARIABLE = YES;
				IPHONEOS_DEPLOYMENT_TARGET = 14.4;
				MTL_ENABLE_DEBUG_INFO = NO;
				MTL_FAST_MATH = YES;
				SDKROOT = iphoneos;
				SWIFT_COMPILATION_MODE = wholemodule;
				SWIFT_OPTIMIZATION_LEVEL = "-O";
				VALIDATE_PRODUCT = YES;
			};
			name = Release;
		};
		478E9FB425EE558B0016887E /* Debug */ = {
			isa = XCBuildConfiguration;
			buildSettings = {
				ASSETCATALOG_COMPILER_APPICON_NAME = AppIcon;
				ASSETCATALOG_COMPILER_GLOBAL_ACCENT_COLOR_NAME = AccentColor;
				CODE_SIGN_STYLE = Automatic;
				DEVELOPMENT_ASSET_PATHS = "\"ReadMe/Preview Content\"";
				DEVELOPMENT_TEAM = Q5Y5DR73B2;
				ENABLE_PREVIEWS = YES;
				INFOPLIST_FILE = ReadMe/App/Info.plist;
				LD_RUNPATH_SEARCH_PATHS = (
					"$(inherited)",
					"@executable_path/Frameworks",
				);
				PRODUCT_BUNDLE_IDENTIFIER = com.aoomle.ReadMe;
				PRODUCT_NAME = "$(TARGET_NAME)";
				SWIFT_VERSION = 5.0;
				TARGETED_DEVICE_FAMILY = "1,2";
			};
			name = Debug;
		};
		478E9FB525EE558B0016887E /* Release */ = {
			isa = XCBuildConfiguration;
			buildSettings = {
				ASSETCATALOG_COMPILER_APPICON_NAME = AppIcon;
				ASSETCATALOG_COMPILER_GLOBAL_ACCENT_COLOR_NAME = AccentColor;
				CODE_SIGN_STYLE = Automatic;
				DEVELOPMENT_ASSET_PATHS = "\"ReadMe/Preview Content\"";
				DEVELOPMENT_TEAM = Q5Y5DR73B2;
				ENABLE_PREVIEWS = YES;
				INFOPLIST_FILE = ReadMe/App/Info.plist;
				LD_RUNPATH_SEARCH_PATHS = (
					"$(inherited)",
					"@executable_path/Frameworks",
				);
				PRODUCT_BUNDLE_IDENTIFIER = com.aoomle.ReadMe;
				PRODUCT_NAME = "$(TARGET_NAME)";
				SWIFT_VERSION = 5.0;
				TARGETED_DEVICE_FAMILY = "1,2";
			};
			name = Release;
		};
/* End XCBuildConfiguration section */

/* Begin XCConfigurationList section */
		478E9F9A25EE558A0016887E /* Build configuration list for PBXProject "ReadMe" */ = {
			isa = XCConfigurationList;
			buildConfigurations = (
				478E9FB125EE558B0016887E /* Debug */,
				478E9FB225EE558B0016887E /* Release */,
			);
			defaultConfigurationIsVisible = 0;
			defaultConfigurationName = Release;
		};
		478E9FB325EE558B0016887E /* Build configuration list for PBXNativeTarget "ReadMe" */ = {
			isa = XCConfigurationList;
			buildConfigurations = (
				478E9FB425EE558B0016887E /* Debug */,
				478E9FB525EE558B0016887E /* Release */,
			);
			defaultConfigurationIsVisible = 0;
			defaultConfigurationName = Release;
		};
/* End XCConfigurationList section */
	};
	rootObject = 478E9F9725EE558A0016887E /* Project object */;
}
